// !$*UTF8*$!
{
	archiveVersion = 1;
	classes = {
	};
	objectVersion = 55;
	objects = {

/* Begin PBXBuildFile section */
		840323CA27944E5E00987786 /* ContactCell.swift in Sources */ = {isa = PBXBuildFile; fileRef = 840323C827944E5E00987786 /* ContactCell.swift */; };
		840323CB27944E5E00987786 /* ContactCell.xib in Resources */ = {isa = PBXBuildFile; fileRef = 840323C927944E5E00987786 /* ContactCell.xib */; };
		840323D027945E2900987786 /* ContactHeader.swift in Sources */ = {isa = PBXBuildFile; fileRef = 840323CF27945E2900987786 /* ContactHeader.swift */; };
		840323D227945E5F00987786 /* ContactHeader.xib in Resources */ = {isa = PBXBuildFile; fileRef = 840323D127945E5F00987786 /* ContactHeader.xib */; };
		847C7C31279468FB00567341 /* StringExtentions.swift in Sources */ = {isa = PBXBuildFile; fileRef = 847C7C30279468FB00567341 /* StringExtentions.swift */; };
		847C7C33279D8DEA00567341 /* TupleExtentions.swift in Sources */ = {isa = PBXBuildFile; fileRef = 847C7C32279D8DEA00567341 /* TupleExtentions.swift */; };
		84D6D4CE2788F31100F85F04 /* AppDelegate.swift in Sources */ = {isa = PBXBuildFile; fileRef = 84D6D4CD2788F31100F85F04 /* AppDelegate.swift */; };
		84D6D4D02788F31100F85F04 /* SceneDelegate.swift in Sources */ = {isa = PBXBuildFile; fileRef = 84D6D4CF2788F31100F85F04 /* SceneDelegate.swift */; };
		84D6D4D22788F31100F85F04 /* ContactBookController.swift in Sources */ = {isa = PBXBuildFile; fileRef = 84D6D4D12788F31100F85F04 /* ContactBookController.swift */; };
		84D6D4D52788F31100F85F04 /* Main.storyboard in Resources */ = {isa = PBXBuildFile; fileRef = 84D6D4D32788F31100F85F04 /* Main.storyboard */; };
		84D6D4D72788F31300F85F04 /* Assets.xcassets in Resources */ = {isa = PBXBuildFile; fileRef = 84D6D4D62788F31300F85F04 /* Assets.xcassets */; };
		84D6D4DA2788F31300F85F04 /* LaunchScreen.storyboard in Resources */ = {isa = PBXBuildFile; fileRef = 84D6D4D82788F31300F85F04 /* LaunchScreen.storyboard */; };
/* End PBXBuildFile section */

/* Begin PBXFileReference section */
		840323C827944E5E00987786 /* ContactCell.swift */ = {isa = PBXFileReference; lastKnownFileType = sourcecode.swift; path = ContactCell.swift; sourceTree = "<group>"; };
		840323C927944E5E00987786 /* ContactCell.xib */ = {isa = PBXFileReference; lastKnownFileType = file.xib; path = ContactCell.xib; sourceTree = "<group>"; };
		840323CF27945E2900987786 /* ContactHeader.swift */ = {isa = PBXFileReference; lastKnownFileType = sourcecode.swift; path = ContactHeader.swift; sourceTree = "<group>"; };
		840323D127945E5F00987786 /* ContactHeader.xib */ = {isa = PBXFileReference; lastKnownFileType = file.xib; path = ContactHeader.xib; sourceTree = "<group>"; };
		847C7C30279468FB00567341 /* StringExtentions.swift */ = {isa = PBXFileReference; lastKnownFileType = sourcecode.swift; path = StringExtentions.swift; sourceTree = "<group>"; };
		847C7C32279D8DEA00567341 /* TupleExtentions.swift */ = {isa = PBXFileReference; lastKnownFileType = sourcecode.swift; path = TupleExtentions.swift; sourceTree = "<group>"; };
		84D6D4CA2788F31100F85F04 /* contact-book.app */ = {isa = PBXFileReference; explicitFileType = wrapper.application; includeInIndex = 0; path = "contact-book.app"; sourceTree = BUILT_PRODUCTS_DIR; };
		84D6D4CD2788F31100F85F04 /* AppDelegate.swift */ = {isa = PBXFileReference; lastKnownFileType = sourcecode.swift; path = AppDelegate.swift; sourceTree = "<group>"; };
		84D6D4CF2788F31100F85F04 /* SceneDelegate.swift */ = {isa = PBXFileReference; lastKnownFileType = sourcecode.swift; path = SceneDelegate.swift; sourceTree = "<group>"; };
		84D6D4D12788F31100F85F04 /* ContactBookController.swift */ = {isa = PBXFileReference; lastKnownFileType = sourcecode.swift; path = ContactBookController.swift; sourceTree = "<group>"; };
		84D6D4D42788F31100F85F04 /* Base */ = {isa = PBXFileReference; lastKnownFileType = file.storyboard; name = Base; path = Base.lproj/Main.storyboard; sourceTree = "<group>"; };
		84D6D4D62788F31300F85F04 /* Assets.xcassets */ = {isa = PBXFileReference; lastKnownFileType = folder.assetcatalog; path = Assets.xcassets; sourceTree = "<group>"; };
		84D6D4D92788F31300F85F04 /* Base */ = {isa = PBXFileReference; lastKnownFileType = file.storyboard; name = Base; path = Base.lproj/LaunchScreen.storyboard; sourceTree = "<group>"; };
		84D6D4DB2788F31300F85F04 /* Info.plist */ = {isa = PBXFileReference; lastKnownFileType = text.plist.xml; path = Info.plist; sourceTree = "<group>"; };
/* End PBXFileReference section */

/* Begin PBXFrameworksBuildPhase section */
		84D6D4C72788F31100F85F04 /* Frameworks */ = {
			isa = PBXFrameworksBuildPhase;
			buildActionMask = 2147483647;
			files = (
			);
			runOnlyForDeploymentPostprocessing = 0;
		};
/* End PBXFrameworksBuildPhase section */

/* Begin PBXGroup section */
		840323CE27945E0A00987786 /* Headers */ = {
			isa = PBXGroup;
			children = (
				840323CF27945E2900987786 /* ContactHeader.swift */,
				840323D127945E5F00987786 /* ContactHeader.xib */,
			);
			path = Headers;
			sourceTree = "<group>";
		};
		840323D32794686B00987786 /* Extentions */ = {
			isa = PBXGroup;
			children = (
				847C7C30279468FB00567341 /* StringExtentions.swift */,
				847C7C32279D8DEA00567341 /* TupleExtentions.swift */,
			);
			path = Extentions;
			sourceTree = "<group>";
		};
		84D6D4C12788F31100F85F04 = {
			isa = PBXGroup;
			children = (
				84D6D4CC2788F31100F85F04 /* contact-book */,
				84D6D4CB2788F31100F85F04 /* Products */,
			);
			sourceTree = "<group>";
		};
		84D6D4CB2788F31100F85F04 /* Products */ = {
			isa = PBXGroup;
			children = (
				84D6D4CA2788F31100F85F04 /* contact-book.app */,
			);
			name = Products;
			sourceTree = "<group>";
		};
		84D6D4CC2788F31100F85F04 /* contact-book */ = {
			isa = PBXGroup;
			children = (
				840323D32794686B00987786 /* Extentions */,
				840323CE27945E0A00987786 /* Headers */,
				84D6D4E72794484C00F85F04 /* Cells */,
				84D6D4E62794484600F85F04 /* Controllers */,
				84D6D4CD2788F31100F85F04 /* AppDelegate.swift */,
				84D6D4CF2788F31100F85F04 /* SceneDelegate.swift */,
				84D6D4D32788F31100F85F04 /* Main.storyboard */,
				84D6D4D62788F31300F85F04 /* Assets.xcassets */,
				84D6D4D82788F31300F85F04 /* LaunchScreen.storyboard */,
				84D6D4DB2788F31300F85F04 /* Info.plist */,
			);
			path = "contact-book";
			sourceTree = "<group>";
		};
		84D6D4E62794484600F85F04 /* Controllers */ = {
			isa = PBXGroup;
			children = (
				84D6D4D12788F31100F85F04 /* ContactBookController.swift */,
			);
			path = Controllers;
			sourceTree = "<group>";
		};
		84D6D4E72794484C00F85F04 /* Cells */ = {
			isa = PBXGroup;
			children = (
				840323C827944E5E00987786 /* ContactCell.swift */,
				840323C927944E5E00987786 /* ContactCell.xib */,
			);
			path = Cells;
			sourceTree = "<group>";
		};
/* End PBXGroup section */

/* Begin PBXNativeTarget section */
		84D6D4C92788F31100F85F04 /* contact-book */ = {
			isa = PBXNativeTarget;
			buildConfigurationList = 84D6D4DE2788F31300F85F04 /* Build configuration list for PBXNativeTarget "contact-book" */;
			buildPhases = (
				84D6D4C62788F31100F85F04 /* Sources */,
				84D6D4C72788F31100F85F04 /* Frameworks */,
				84D6D4C82788F31100F85F04 /* Resources */,
			);
			buildRules = (
			);
			dependencies = (
			);
			name = "contact-book";
			productName = "contact-book";
			productReference = 84D6D4CA2788F31100F85F04 /* contact-book.app */;
			productType = "com.apple.product-type.application";
		};
/* End PBXNativeTarget section */

/* Begin PBXProject section */
		84D6D4C22788F31100F85F04 /* Project object */ = {
			isa = PBXProject;
			attributes = {
				BuildIndependentTargetsInParallel = 1;
				LastSwiftUpdateCheck = 1320;
				LastUpgradeCheck = 1320;
				TargetAttributes = {
					84D6D4C92788F31100F85F04 = {
						CreatedOnToolsVersion = 13.2.1;
					};
				};
			};
			buildConfigurationList = 84D6D4C52788F31100F85F04 /* Build configuration list for PBXProject "contact-book" */;
			compatibilityVersion = "Xcode 13.0";
			developmentRegion = en;
			hasScannedForEncodings = 0;
			knownRegions = (
				en,
				Base,
			);
			mainGroup = 84D6D4C12788F31100F85F04;
			productRefGroup = 84D6D4CB2788F31100F85F04 /* Products */;
			projectDirPath = "";
			projectRoot = "";
			targets = (
				84D6D4C92788F31100F85F04 /* contact-book */,
			);
		};
/* End PBXProject section */

/* Begin PBXResourcesBuildPhase section */
		84D6D4C82788F31100F85F04 /* Resources */ = {
			isa = PBXResourcesBuildPhase;
			buildActionMask = 2147483647;
			files = (
				840323CB27944E5E00987786 /* ContactCell.xib in Resources */,
				84D6D4DA2788F31300F85F04 /* LaunchScreen.storyboard in Resources */,
				84D6D4D72788F31300F85F04 /* Assets.xcassets in Resources */,
				84D6D4D52788F31100F85F04 /* Main.storyboard in Resources */,
				840323D227945E5F00987786 /* ContactHeader.xib in Resources */,
			);
			runOnlyForDeploymentPostprocessing = 0;
		};
/* End PBXResourcesBuildPhase section */

/* Begin PBXSourcesBuildPhase section */
		84D6D4C62788F31100F85F04 /* Sources */ = {
			isa = PBXSourcesBuildPhase;
			buildActionMask = 2147483647;
			files = (
				847C7C33279D8DEA00567341 /* TupleExtentions.swift in Sources */,
				840323CA27944E5E00987786 /* ContactCell.swift in Sources */,
				847C7C31279468FB00567341 /* StringExtentions.swift in Sources */,
				84D6D4D22788F31100F85F04 /* ContactBookController.swift in Sources */,
				84D6D4CE2788F31100F85F04 /* AppDelegate.swift in Sources */,
				840323D027945E2900987786 /* ContactHeader.swift in Sources */,
				84D6D4D02788F31100F85F04 /* SceneDelegate.swift in Sources */,
			);
			runOnlyForDeploymentPostprocessing = 0;
		};
/* End PBXSourcesBuildPhase section */

/* Begin PBXVariantGroup section */
		84D6D4D32788F31100F85F04 /* Main.storyboard */ = {
			isa = PBXVariantGroup;
			children = (
				84D6D4D42788F31100F85F04 /* Base */,
			);
			name = Main.storyboard;
			sourceTree = "<group>";
		};
		84D6D4D82788F31300F85F04 /* LaunchScreen.storyboard */ = {
			isa = PBXVariantGroup;
			children = (
				84D6D4D92788F31300F85F04 /* Base */,
			);
			name = LaunchScreen.storyboard;
			sourceTree = "<group>";
		};
/* End PBXVariantGroup section */

/* Begin XCBuildConfiguration section */
		84D6D4DC2788F31300F85F04 /* Debug */ = {
			isa = XCBuildConfiguration;
			buildSettings = {
				ALWAYS_SEARCH_USER_PATHS = NO;
				CLANG_ANALYZER_NONNULL = YES;
				CLANG_ANALYZER_NUMBER_OBJECT_CONVERSION = YES_AGGRESSIVE;
				CLANG_CXX_LANGUAGE_STANDARD = "gnu++17";
				CLANG_CXX_LIBRARY = "libc++";
				CLANG_ENABLE_MODULES = YES;
				CLANG_ENABLE_OBJC_ARC = YES;
				CLANG_ENABLE_OBJC_WEAK = YES;
				CLANG_WARN_BLOCK_CAPTURE_AUTORELEASING = YES;
				CLANG_WARN_BOOL_CONVERSION = YES;
				CLANG_WARN_COMMA = YES;
				CLANG_WARN_CONSTANT_CONVERSION = YES;
				CLANG_WARN_DEPRECATED_OBJC_IMPLEMENTATIONS = YES;
				CLANG_WARN_DIRECT_OBJC_ISA_USAGE = YES_ERROR;
				CLANG_WARN_DOCUMENTATION_COMMENTS = YES;
				CLANG_WARN_EMPTY_BODY = YES;
				CLANG_WARN_ENUM_CONVERSION = YES;
				CLANG_WARN_INFINITE_RECURSION = YES;
				CLANG_WARN_INT_CONVERSION = YES;
				CLANG_WARN_NON_LITERAL_NULL_CONVERSION = YES;
				CLANG_WARN_OBJC_IMPLICIT_RETAIN_SELF = YES;
				CLANG_WARN_OBJC_LITERAL_CONVERSION = YES;
				CLANG_WARN_OBJC_ROOT_CLASS = YES_ERROR;
				CLANG_WARN_QUOTED_INCLUDE_IN_FRAMEWORK_HEADER = YES;
				CLANG_WARN_RANGE_LOOP_ANALYSIS = YES;
				CLANG_WARN_STRICT_PROTOTYPES = YES;
				CLANG_WARN_SUSPICIOUS_MOVE = YES;
				CLANG_WARN_UNGUARDED_AVAILABILITY = YES_AGGRESSIVE;
				CLANG_WARN_UNREACHABLE_CODE = YES;
				CLANG_WARN__DUPLICATE_METHOD_MATCH = YES;
				COPY_PHASE_STRIP = NO;
				DEBUG_INFORMATION_FORMAT = dwarf;
				ENABLE_STRICT_OBJC_MSGSEND = YES;
				ENABLE_TESTABILITY = YES;
				GCC_C_LANGUAGE_STANDARD = gnu11;
				GCC_DYNAMIC_NO_PIC = NO;
				GCC_NO_COMMON_BLOCKS = YES;
				GCC_OPTIMIZATION_LEVEL = 0;
				GCC_PREPROCESSOR_DEFINITIONS = (
					"DEBUG=1",
					"$(inherited)",
				);
				GCC_WARN_64_TO_32_BIT_CONVERSION = YES;
				GCC_WARN_ABOUT_RETURN_TYPE = YES_ERROR;
				GCC_WARN_UNDECLARED_SELECTOR = YES;
				GCC_WARN_UNINITIALIZED_AUTOS = YES_AGGRESSIVE;
				GCC_WARN_UNUSED_FUNCTION = YES;
				GCC_WARN_UNUSED_VARIABLE = YES;
				IPHONEOS_DEPLOYMENT_TARGET = 15.2;
				MTL_ENABLE_DEBUG_INFO = INCLUDE_SOURCE;
				MTL_FAST_MATH = YES;
				ONLY_ACTIVE_ARCH = YES;
				SDKROOT = iphoneos;
				SWIFT_ACTIVE_COMPILATION_CONDITIONS = DEBUG;
				SWIFT_OPTIMIZATION_LEVEL = "-Onone";
			};
			name = Debug;
		};
		84D6D4DD2788F31300F85F04 /* Release */ = {
			isa = XCBuildConfiguration;
			buildSettings = {
				ALWAYS_SEARCH_USER_PATHS = NO;
				CLANG_ANALYZER_NONNULL = YES;
				CLANG_ANALYZER_NUMBER_OBJECT_CONVERSION = YES_AGGRESSIVE;
				CLANG_CXX_LANGUAGE_STANDARD = "gnu++17";
				CLANG_CXX_LIBRARY = "libc++";
				CLANG_ENABLE_MODULES = YES;
				CLANG_ENABLE_OBJC_ARC = YES;
				CLANG_ENABLE_OBJC_WEAK = YES;
				CLANG_WARN_BLOCK_CAPTURE_AUTORELEASING = YES;
				CLANG_WARN_BOOL_CONVERSION = YES;
				CLANG_WARN_COMMA = YES;
				CLANG_WARN_CONSTANT_CONVERSION = YES;
				CLANG_WARN_DEPRECATED_OBJC_IMPLEMENTATIONS = YES;
				CLANG_WARN_DIRECT_OBJC_ISA_USAGE = YES_ERROR;
				CLANG_WARN_DOCUMENTATION_COMMENTS = YES;
				CLANG_WARN_EMPTY_BODY = YES;
				CLANG_WARN_ENUM_CONVERSION = YES;
				CLANG_WARN_INFINITE_RECURSION = YES;
				CLANG_WARN_INT_CONVERSION = YES;
				CLANG_WARN_NON_LITERAL_NULL_CONVERSION = YES;
				CLANG_WARN_OBJC_IMPLICIT_RETAIN_SELF = YES;
				CLANG_WARN_OBJC_LITERAL_CONVERSION = YES;
				CLANG_WARN_OBJC_ROOT_CLASS = YES_ERROR;
				CLANG_WARN_QUOTED_INCLUDE_IN_FRAMEWORK_HEADER = YES;
				CLANG_WARN_RANGE_LOOP_ANALYSIS = YES;
				CLANG_WARN_STRICT_PROTOTYPES = YES;
				CLANG_WARN_SUSPICIOUS_MOVE = YES;
				CLANG_WARN_UNGUARDED_AVAILABILITY = YES_AGGRESSIVE;
				CLANG_WARN_UNREACHABLE_CODE = YES;
				CLANG_WARN__DUPLICATE_METHOD_MATCH = YES;
				COPY_PHASE_STRIP = NO;
				DEBUG_INFORMATION_FORMAT = "dwarf-with-dsym";
				ENABLE_NS_ASSERTIONS = NO;
				ENABLE_STRICT_OBJC_MSGSEND = YES;
				GCC_C_LANGUAGE_STANDARD = gnu11;
				GCC_NO_COMMON_BLOCKS = YES;
				GCC_WARN_64_TO_32_BIT_CONVERSION = YES;
				GCC_WARN_ABOUT_RETURN_TYPE = YES_ERROR;
				GCC_WARN_UNDECLARED_SELECTOR = YES;
				GCC_WARN_UNINITIALIZED_AUTOS = YES_AGGRESSIVE;
				GCC_WARN_UNUSED_FUNCTION = YES;
				GCC_WARN_UNUSED_VARIABLE = YES;
				IPHONEOS_DEPLOYMENT_TARGET = 15.2;
				MTL_ENABLE_DEBUG_INFO = NO;
				MTL_FAST_MATH = YES;
				SDKROOT = iphoneos;
				SWIFT_COMPILATION_MODE = wholemodule;
				SWIFT_OPTIMIZATION_LEVEL = "-O";
				VALIDATE_PRODUCT = YES;
			};
			name = Release;
		};
		84D6D4DF2788F31300F85F04 /* Debug */ = {
			isa = XCBuildConfiguration;
			buildSettings = {
				ASSETCATALOG_COMPILER_APPICON_NAME = AppIcon;
				ASSETCATALOG_COMPILER_GLOBAL_ACCENT_COLOR_NAME = AccentColor;
				CODE_SIGN_STYLE = Automatic;
				CURRENT_PROJECT_VERSION = 1;
				DEVELOPMENT_TEAM = YBC985QFM6;
				GENERATE_INFOPLIST_FILE = YES;
				INFOPLIST_FILE = "contact-book/Info.plist";
				INFOPLIST_KEY_UIApplicationSupportsIndirectInputEvents = YES;
				INFOPLIST_KEY_UILaunchStoryboardName = LaunchScreen;
				INFOPLIST_KEY_UIMainStoryboardFile = Main;
				INFOPLIST_KEY_UISupportedInterfaceOrientations_iPad = "UIInterfaceOrientationPortrait UIInterfaceOrientationPortraitUpsideDown UIInterfaceOrientationLandscapeLeft UIInterfaceOrientationLandscapeRight";
				INFOPLIST_KEY_UISupportedInterfaceOrientations_iPhone = "UIInterfaceOrientationPortrait UIInterfaceOrientationLandscapeLeft UIInterfaceOrientationLandscapeRight";
				IPHONEOS_DEPLOYMENT_TARGET = 15.0;
				LD_RUNPATH_SEARCH_PATHS = (
					"$(inherited)",
					"@executable_path/Frameworks",
				);
				MARKETING_VERSION = 1.0;
				PRODUCT_BUNDLE_IDENTIFIER = "luka.contact-book";
				PRODUCT_NAME = "$(TARGET_NAME)";
				SWIFT_EMIT_LOC_STRINGS = YES;
				SWIFT_VERSION = 5.0;
				TARGETED_DEVICE_FAMILY = "1,2";
			};
			name = Debug;
		};
		84D6D4E02788F31300F85F04 /* Release */ = {
			isa = XCBuildConfiguration;
			buildSettings = {
				ASSETCATALOG_COMPILER_APPICON_NAME = AppIcon;
				ASSETCATALOG_COMPILER_GLOBAL_ACCENT_COLOR_NAME = AccentColor;
				CODE_SIGN_STYLE = Automatic;
				CURRENT_PROJECT_VERSION = 1;
				DEVELOPMENT_TEAM = YBC985QFM6;
				GENERATE_INFOPLIST_FILE = YES;
				INFOPLIST_FILE = "contact-book/Info.plist";
				INFOPLIST_KEY_UIApplicationSupportsIndirectInputEvents = YES;
				INFOPLIST_KEY_UILaunchStoryboardName = LaunchScreen;
				INFOPLIST_KEY_UIMainStoryboardFile = Main;
				INFOPLIST_KEY_UISupportedInterfaceOrientations_iPad = "UIInterfaceOrientationPortrait UIInterfaceOrientationPortraitUpsideDown UIInterfaceOrientationLandscapeLeft UIInterfaceOrientationLandscapeRight";
				INFOPLIST_KEY_UISupportedInterfaceOrientations_iPhone = "UIInterfaceOrientationPortrait UIInterfaceOrientationLandscapeLeft UIInterfaceOrientationLandscapeRight";
				IPHONEOS_DEPLOYMENT_TARGET = 15.0;
				LD_RUNPATH_SEARCH_PATHS = (
					"$(inherited)",
					"@executable_path/Frameworks",
				);
				MARKETING_VERSION = 1.0;
				PRODUCT_BUNDLE_IDENTIFIER = "luka.contact-book";
				PRODUCT_NAME = "$(TARGET_NAME)";
				SWIFT_EMIT_LOC_STRINGS = YES;
				SWIFT_VERSION = 5.0;
				TARGETED_DEVICE_FAMILY = "1,2";
			};
			name = Release;
		};
/* End XCBuildConfiguration section */

/* Begin XCConfigurationList section */
		84D6D4C52788F31100F85F04 /* Build configuration list for PBXProject "contact-book" */ = {
			isa = XCConfigurationList;
			buildConfigurations = (
				84D6D4DC2788F31300F85F04 /* Debug */,
				84D6D4DD2788F31300F85F04 /* Release */,
			);
			defaultConfigurationIsVisible = 0;
			defaultConfigurationName = Release;
		};
		84D6D4DE2788F31300F85F04 /* Build configuration list for PBXNativeTarget "contact-book" */ = {
			isa = XCConfigurationList;
			buildConfigurations = (
				84D6D4DF2788F31300F85F04 /* Debug */,
				84D6D4E02788F31300F85F04 /* Release */,
			);
			defaultConfigurationIsVisible = 0;
			defaultConfigurationName = Release;
		};
/* End XCConfigurationList section */
	};
	rootObject = 84D6D4C22788F31100F85F04 /* Project object */;
}
